
Microsoft Visual Studio Solution File, Format Version 12.00
# Visual Studio 2012
Project("{FAE04EC0-301F-11D3-BF4B-00C04F79EFBC}") = "quanlytrathietbi", "quanlytrathietbi\quanlytrathietbi.csproj", "{916E246A-61CC-4FD9-875A-E7A9B34652CD}"
EndProject
Global
	GlobalSection(SolutionConfigurationPlatforms) = preSolution
		Debug|Any CPU = Debug|Any CPU
		Release|Any CPU = Release|Any CPU
	EndGlobalSection
	GlobalSection(ProjectConfigurationPlatforms) = postSolution
		{916E246A-61CC-4FD9-875A-E7A9B34652CD}.Debug|Any CPU.ActiveCfg = Debug|Any CPU
		{916E246A-61CC-4FD9-875A-E7A9B34652CD}.Debug|Any CPU.Build.0 = Debug|Any CPU
		{916E246A-61CC-4FD9-875A-E7A9B34652CD}.Release|Any CPU.ActiveCfg = Release|Any CPU
		{916E246A-61CC-4FD9-875A-E7A9B34652CD}.Release|Any CPU.Build.0 = Release|Any CPU
	EndGlobalSection
	GlobalSection(SolutionProperties) = preSolution
		HideSolutionNode = FALSE
	EndGlobalSection
EndGlobal
